
Microsoft Visual Studio Solution File, Format Version 12.00
# Visual Studio Version 16
VisualStudioVersion = 16.0.29806.167
MinimumVisualStudioVersion = 10.0.40219.1
Project("{FAE04EC0-301F-11D3-BF4B-00C04F79EFBC}") = "NorthwindAPP.BL", "NorthwindAPP.BL\NorthwindAPP.BL.csproj", "{AD7FEE3E-063C-4640-A764-B5F8313780C0}"
EndProject
Project("{FAE04EC0-301F-11D3-BF4B-00C04F79EFBC}") = "NorthwindAPP.DL", "NorthwindAPP.DL\NorthwindAPP.DL.csproj", "{9E9F233A-20B4-4022-931B-8BCA8C482749}"
EndProject
Project("{FAE04EC0-301F-11D3-BF4B-00C04F79EFBC}") = "NorthwindAPP.ML", "NorthwindAPP.ML\NorthwindAPP.ML.csproj", "{620103F4-B970-43A4-BCC5-AFA23619DB02}"
EndProject
Project("{FAE04EC0-301F-11D3-BF4B-00C04F79EFBC}") = "NorthwindAPP", "NorthwindAPP\NorthwindAPP.csproj", "{7C4DF3C8-5BA5-48CD-AD47-18EC77AE5811}"
EndProject
Global
	GlobalSection(SolutionConfigurationPlatforms) = preSolution
		Debug|Any CPU = Debug|Any CPU
		Release|Any CPU = Release|Any CPU
	EndGlobalSection
	GlobalSection(ProjectConfigurationPlatforms) = postSolution
		{AD7FEE3E-063C-4640-A764-B5F8313780C0}.Debug|Any CPU.ActiveCfg = Debug|Any CPU
		{AD7FEE3E-063C-4640-A764-B5F8313780C0}.Debug|Any CPU.Build.0 = Debug|Any CPU
		{AD7FEE3E-063C-4640-A764-B5F8313780C0}.Release|Any CPU.ActiveCfg = Release|Any CPU
		{AD7FEE3E-063C-4640-A764-B5F8313780C0}.Release|Any CPU.Build.0 = Release|Any CPU
		{9E9F233A-20B4-4022-931B-8BCA8C482749}.Debug|Any CPU.ActiveCfg = Debug|Any CPU
		{9E9F233A-20B4-4022-931B-8BCA8C482749}.Debug|Any CPU.Build.0 = Debug|Any CPU
		{9E9F233A-20B4-4022-931B-8BCA8C482749}.Release|Any CPU.ActiveCfg = Release|Any CPU
		{9E9F233A-20B4-4022-931B-8BCA8C482749}.Release|Any CPU.Build.0 = Release|Any CPU
		{620103F4-B970-43A4-BCC5-AFA23619DB02}.Debug|Any CPU.ActiveCfg = Debug|Any CPU
		{620103F4-B970-43A4-BCC5-AFA23619DB02}.Debug|Any CPU.Build.0 = Debug|Any CPU
		{620103F4-B970-43A4-BCC5-AFA23619DB02}.Release|Any CPU.ActiveCfg = Release|Any CPU
		{620103F4-B970-43A4-BCC5-AFA23619DB02}.Release|Any CPU.Build.0 = Release|Any CPU
		{7C4DF3C8-5BA5-48CD-AD47-18EC77AE5811}.Debug|Any CPU.ActiveCfg = Debug|Any CPU
		{7C4DF3C8-5BA5-48CD-AD47-18EC77AE5811}.Debug|Any CPU.Build.0 = Debug|Any CPU
		{7C4DF3C8-5BA5-48CD-AD47-18EC77AE5811}.Release|Any CPU.ActiveCfg = Release|Any CPU
		{7C4DF3C8-5BA5-48CD-AD47-18EC77AE5811}.Release|Any CPU.Build.0 = Release|Any CPU
	EndGlobalSection
	GlobalSection(SolutionProperties) = preSolution
		HideSolutionNode = FALSE
	EndGlobalSection
	GlobalSection(ExtensibilityGlobals) = postSolution
		SolutionGuid = {AD2A2365-BBA9-4B07-AB6E-0B395A5A9111}
	EndGlobalSection
EndGlobal
